// !$*UTF8*$!
{
	archiveVersion = 1;
	classes = {
	};
	objectVersion = 55;
	objects = {

/* Begin PBXBuildFile section */
		3A7991F6429E10437DB834E9 /* Pods_Formula_All.framework in Frameworks */ = {isa = PBXBuildFile; fileRef = E8AD7135240BAD4F14012A88 /* Pods_Formula_All.framework */; };
		F505D6892879D28F00EFB31F /* Urls.swift in Sources */ = {isa = PBXBuildFile; fileRef = F505D6882879D28F00EFB31F /* Urls.swift */; };
		F505D68B2879D2C400EFB31F /* ImageLoader.swift in Sources */ = {isa = PBXBuildFile; fileRef = F505D68A2879D2C400EFB31F /* ImageLoader.swift */; };
		F505D68D2879D2EE00EFB31F /* ImageCacheManager.swift in Sources */ = {isa = PBXBuildFile; fileRef = F505D68C2879D2EE00EFB31F /* ImageCacheManager.swift */; };
		F505D6912879D92D00EFB31F /* DriverRankingResponse.swift in Sources */ = {isa = PBXBuildFile; fileRef = F505D6902879D92D00EFB31F /* DriverRankingResponse.swift */; };
		F505D6932879D98A00EFB31F /* DriverRankingDriverInfo.swift in Sources */ = {isa = PBXBuildFile; fileRef = F505D6922879D98A00EFB31F /* DriverRankingDriverInfo.swift */; };
		F505D6952879D9E600EFB31F /* DriverRankingTeamInfo.swift in Sources */ = {isa = PBXBuildFile; fileRef = F505D6942879D9E600EFB31F /* DriverRankingTeamInfo.swift */; };
		F505D6972879DA3900EFB31F /* DriverRankingItem.swift in Sources */ = {isa = PBXBuildFile; fileRef = F505D6962879DA3900EFB31F /* DriverRankingItem.swift */; };
		F505D6992879E9E700EFB31F /* DriverRankingModelDelegate.swift in Sources */ = {isa = PBXBuildFile; fileRef = F505D6982879E9E700EFB31F /* DriverRankingModelDelegate.swift */; };
		F505D69B2879EA5400EFB31F /* DriverRankingModel.swift in Sources */ = {isa = PBXBuildFile; fileRef = F505D69A2879EA5400EFB31F /* DriverRankingModel.swift */; };
		F505D69D2879EB6800EFB31F /* DriversViewController.swift in Sources */ = {isa = PBXBuildFile; fileRef = F505D69C2879EB6800EFB31F /* DriversViewController.swift */; };
		F505D6A02879F70F00EFB31F /* DriverTableViewCell.swift in Sources */ = {isa = PBXBuildFile; fileRef = F505D69F2879F70F00EFB31F /* DriverTableViewCell.swift */; };
		F51C3C0D28849A080070D84B /* CircuitCompetition.swift in Sources */ = {isa = PBXBuildFile; fileRef = F51C3C0C28849A080070D84B /* CircuitCompetition.swift */; };
		F51C3C0F28849A3D0070D84B /* CircuitLocation.swift in Sources */ = {isa = PBXBuildFile; fileRef = F51C3C0E28849A3D0070D84B /* CircuitLocation.swift */; };
		F51C3C1128849BAF0070D84B /* CircuitLapRecord.swift in Sources */ = {isa = PBXBuildFile; fileRef = F51C3C1028849BAF0070D84B /* CircuitLapRecord.swift */; };
		F51C3C1328849EBD0070D84B /* CircuitsModelDelegate.swift in Sources */ = {isa = PBXBuildFile; fileRef = F51C3C1228849EBD0070D84B /* CircuitsModelDelegate.swift */; };
		F51C3C1528849F120070D84B /* CircuitsModel.swift in Sources */ = {isa = PBXBuildFile; fileRef = F51C3C1428849F120070D84B /* CircuitsModel.swift */; };
		F51C3C172884A51F0070D84B /* Constants.swift in Sources */ = {isa = PBXBuildFile; fileRef = F51C3C162884A51F0070D84B /* Constants.swift */; };
		F51C3C1F288555FF0070D84B /* TeamsTableViewCell.swift in Sources */ = {isa = PBXBuildFile; fileRef = F51C3C1E288555FF0070D84B /* TeamsTableViewCell.swift */; };
		F51C3C21288556A10070D84B /* TeamRankingItem.swift in Sources */ = {isa = PBXBuildFile; fileRef = F51C3C20288556A00070D84B /* TeamRankingItem.swift */; };
		F51C3C23288556DB0070D84B /* TeamRankingItemDetails.swift in Sources */ = {isa = PBXBuildFile; fileRef = F51C3C22288556DB0070D84B /* TeamRankingItemDetails.swift */; };
		F51C3C252885582D0070D84B /* TeamRankingResponse.swift in Sources */ = {isa = PBXBuildFile; fileRef = F51C3C242885582D0070D84B /* TeamRankingResponse.swift */; };
		F51C3C27288558B80070D84B /* TeamRankingModel.swift in Sources */ = {isa = PBXBuildFile; fileRef = F51C3C26288558B80070D84B /* TeamRankingModel.swift */; };
		F51C3C29288559600070D84B /* TeamRankingModelDelegate.swift in Sources */ = {isa = PBXBuildFile; fileRef = F51C3C28288559600070D84B /* TeamRankingModelDelegate.swift */; };
		F51C3C2B28855B790070D84B /* TeamsViewController.swift in Sources */ = {isa = PBXBuildFile; fileRef = F51C3C2A28855B790070D84B /* TeamsViewController.swift */; };
		F532329F2889CFBE004D7557 /* NextRacesViewController.swift in Sources */ = {isa = PBXBuildFile; fileRef = F532329E2889CFBE004D7557 /* NextRacesViewController.swift */; };
		F53232A12889CFFB004D7557 /* PreviousRacesViewController.swift in Sources */ = {isa = PBXBuildFile; fileRef = F53232A02889CFFB004D7557 /* PreviousRacesViewController.swift */; };
		F53232A32889D007004D7557 /* SeasonRacesViewController.swift in Sources */ = {isa = PBXBuildFile; fileRef = F53232A22889D007004D7557 /* SeasonRacesViewController.swift */; };
		F53232A52889DAC0004D7557 /* RaceItem.swift in Sources */ = {isa = PBXBuildFile; fileRef = F53232A42889DAC0004D7557 /* RaceItem.swift */; };
		F53232A92889DBDD004D7557 /* RaceItemCircuit.swift in Sources */ = {isa = PBXBuildFile; fileRef = F53232A82889DBDD004D7557 /* RaceItemCircuit.swift */; };
		F53232AB2889DC41004D7557 /* RaceItemLaps.swift in Sources */ = {isa = PBXBuildFile; fileRef = F53232AA2889DC41004D7557 /* RaceItemLaps.swift */; };
		F53232AD2889DC91004D7557 /* FastestLap.swift in Sources */ = {isa = PBXBuildFile; fileRef = F53232AC2889DC91004D7557 /* FastestLap.swift */; };
		F53232AF2889DCC8004D7557 /* FastestLapDriver.swift in Sources */ = {isa = PBXBuildFile; fileRef = F53232AE2889DCC8004D7557 /* FastestLapDriver.swift */; };
		F55EBAA32879930A00FD6F59 /* AppDelegate.swift in Sources */ = {isa = PBXBuildFile; fileRef = F55EBAA22879930A00FD6F59 /* AppDelegate.swift */; };
		F55EBAA52879930A00FD6F59 /* SceneDelegate.swift in Sources */ = {isa = PBXBuildFile; fileRef = F55EBAA42879930A00FD6F59 /* SceneDelegate.swift */; };
		F55EBAAA2879930A00FD6F59 /* Main.storyboard in Resources */ = {isa = PBXBuildFile; fileRef = F55EBAA82879930A00FD6F59 /* Main.storyboard */; };
		F55EBAAC2879930C00FD6F59 /* Assets.xcassets in Resources */ = {isa = PBXBuildFile; fileRef = F55EBAAB2879930C00FD6F59 /* Assets.xcassets */; };
		F55EBAAF2879930C00FD6F59 /* LaunchScreen.storyboard in Resources */ = {isa = PBXBuildFile; fileRef = F55EBAAD2879930C00FD6F59 /* LaunchScreen.storyboard */; };
		F5703C86288C763100ACA78B /* RaceTableViewCell.swift in Sources */ = {isa = PBXBuildFile; fileRef = F5703C85288C763100ACA78B /* RaceTableViewCell.swift */; };
		F5703C88288C79E800ACA78B /* DateConverter.swift in Sources */ = {isa = PBXBuildFile; fileRef = F5703C87288C79E800ACA78B /* DateConverter.swift */; };
		F5A0590E2882CE3D008428FA /* RoundedImageView.swift in Sources */ = {isa = PBXBuildFile; fileRef = F5A0590D2882CE3D008428FA /* RoundedImageView.swift */; };
		F5A059122882E452008428FA /* Points.swift in Sources */ = {isa = PBXBuildFile; fileRef = F5A059112882E452008428FA /* Points.swift */; };
		F5A0591D28848466008428FA /* RaceTabsViewController.swift in Sources */ = {isa = PBXBuildFile; fileRef = F5A0591C28848466008428FA /* RaceTabsViewController.swift */; };
		F5A0592628849108008428FA /* CircuitTableViewCell.swift in Sources */ = {isa = PBXBuildFile; fileRef = F5A0592528849108008428FA /* CircuitTableViewCell.swift */; };
		F5A059282884913F008428FA /* CircuitsViewController.swift in Sources */ = {isa = PBXBuildFile; fileRef = F5A059272884913F008428FA /* CircuitsViewController.swift */; };
		F5A0592A288491A2008428FA /* CircuitsResponse.swift in Sources */ = {isa = PBXBuildFile; fileRef = F5A05929288491A2008428FA /* CircuitsResponse.swift */; };
		F5A0592C288491DD008428FA /* CircuitItem.swift in Sources */ = {isa = PBXBuildFile; fileRef = F5A0592B288491DD008428FA /* CircuitItem.swift */; };
		F5D509732889E089008530D5 /* RaceItemsResponse.swift in Sources */ = {isa = PBXBuildFile; fileRef = F5D509722889E089008530D5 /* RaceItemsResponse.swift */; };
		F5D509752889E0DA008530D5 /* RaceItemsDelegate.swift in Sources */ = {isa = PBXBuildFile; fileRef = F5D509742889E0DA008530D5 /* RaceItemsDelegate.swift */; };
		F5D509772889E12E008530D5 /* RaceItemsModel.swift in Sources */ = {isa = PBXBuildFile; fileRef = F5D509762889E12E008530D5 /* RaceItemsModel.swift */; };
/* End PBXBuildFile section */

/* Begin PBXFileReference section */
		121EC74BCC6300581B5508F7 /* Pods-Formula All.debug.xcconfig */ = {isa = PBXFileReference; includeInIndex = 1; lastKnownFileType = text.xcconfig; name = "Pods-Formula All.debug.xcconfig"; path = "Target Support Files/Pods-Formula All/Pods-Formula All.debug.xcconfig"; sourceTree = "<group>"; };
		9E478DCD8B084233BEC8438B /* Pods-Formula All.release.xcconfig */ = {isa = PBXFileReference; includeInIndex = 1; lastKnownFileType = text.xcconfig; name = "Pods-Formula All.release.xcconfig"; path = "Target Support Files/Pods-Formula All/Pods-Formula All.release.xcconfig"; sourceTree = "<group>"; };
		E8AD7135240BAD4F14012A88 /* Pods_Formula_All.framework */ = {isa = PBXFileReference; explicitFileType = wrapper.framework; includeInIndex = 0; path = Pods_Formula_All.framework; sourceTree = BUILT_PRODUCTS_DIR; };
		F505D6882879D28F00EFB31F /* Urls.swift */ = {isa = PBXFileReference; lastKnownFileType = sourcecode.swift; path = Urls.swift; sourceTree = "<group>"; };
		F505D68A2879D2C400EFB31F /* ImageLoader.swift */ = {isa = PBXFileReference; lastKnownFileType = sourcecode.swift; path = ImageLoader.swift; sourceTree = "<group>"; };
		F505D68C2879D2EE00EFB31F /* ImageCacheManager.swift */ = {isa = PBXFileReference; lastKnownFileType = sourcecode.swift; path = ImageCacheManager.swift; sourceTree = "<group>"; };
		F505D6902879D92D00EFB31F /* DriverRankingResponse.swift */ = {isa = PBXFileReference; lastKnownFileType = sourcecode.swift; path = DriverRankingResponse.swift; sourceTree = "<group>"; };
		F505D6922879D98A00EFB31F /* DriverRankingDriverInfo.swift */ = {isa = PBXFileReference; lastKnownFileType = sourcecode.swift; path = DriverRankingDriverInfo.swift; sourceTree = "<group>"; };
		F505D6942879D9E600EFB31F /* DriverRankingTeamInfo.swift */ = {isa = PBXFileReference; lastKnownFileType = sourcecode.swift; path = DriverRankingTeamInfo.swift; sourceTree = "<group>"; };
		F505D6962879DA3900EFB31F /* DriverRankingItem.swift */ = {isa = PBXFileReference; lastKnownFileType = sourcecode.swift; path = DriverRankingItem.swift; sourceTree = "<group>"; };
		F505D6982879E9E700EFB31F /* DriverRankingModelDelegate.swift */ = {isa = PBXFileReference; lastKnownFileType = sourcecode.swift; path = DriverRankingModelDelegate.swift; sourceTree = "<group>"; };
		F505D69A2879EA5400EFB31F /* DriverRankingModel.swift */ = {isa = PBXFileReference; lastKnownFileType = sourcecode.swift; path = DriverRankingModel.swift; sourceTree = "<group>"; };
		F505D69C2879EB6800EFB31F /* DriversViewController.swift */ = {isa = PBXFileReference; lastKnownFileType = sourcecode.swift; path = DriversViewController.swift; sourceTree = "<group>"; };
		F505D69F2879F70F00EFB31F /* DriverTableViewCell.swift */ = {isa = PBXFileReference; lastKnownFileType = sourcecode.swift; path = DriverTableViewCell.swift; sourceTree = "<group>"; };
		F51C3C0C28849A080070D84B /* CircuitCompetition.swift */ = {isa = PBXFileReference; lastKnownFileType = sourcecode.swift; path = CircuitCompetition.swift; sourceTree = "<group>"; };
		F51C3C0E28849A3D0070D84B /* CircuitLocation.swift */ = {isa = PBXFileReference; lastKnownFileType = sourcecode.swift; path = CircuitLocation.swift; sourceTree = "<group>"; };
		F51C3C1028849BAF0070D84B /* CircuitLapRecord.swift */ = {isa = PBXFileReference; lastKnownFileType = sourcecode.swift; path = CircuitLapRecord.swift; sourceTree = "<group>"; };
		F51C3C1228849EBD0070D84B /* CircuitsModelDelegate.swift */ = {isa = PBXFileReference; lastKnownFileType = sourcecode.swift; path = CircuitsModelDelegate.swift; sourceTree = "<group>"; };
		F51C3C1428849F120070D84B /* CircuitsModel.swift */ = {isa = PBXFileReference; lastKnownFileType = sourcecode.swift; path = CircuitsModel.swift; sourceTree = "<group>"; };
		F51C3C162884A51F0070D84B /* Constants.swift */ = {isa = PBXFileReference; lastKnownFileType = sourcecode.swift; path = Constants.swift; sourceTree = "<group>"; };
		F51C3C1E288555FF0070D84B /* TeamsTableViewCell.swift */ = {isa = PBXFileReference; lastKnownFileType = sourcecode.swift; path = TeamsTableViewCell.swift; sourceTree = "<group>"; };
		F51C3C20288556A00070D84B /* TeamRankingItem.swift */ = {isa = PBXFileReference; lastKnownFileType = sourcecode.swift; path = TeamRankingItem.swift; sourceTree = "<group>"; };
		F51C3C22288556DB0070D84B /* TeamRankingItemDetails.swift */ = {isa = PBXFileReference; lastKnownFileType = sourcecode.swift; path = TeamRankingItemDetails.swift; sourceTree = "<group>"; };
		F51C3C242885582D0070D84B /* TeamRankingResponse.swift */ = {isa = PBXFileReference; lastKnownFileType = sourcecode.swift; path = TeamRankingResponse.swift; sourceTree = "<group>"; };
		F51C3C26288558B80070D84B /* TeamRankingModel.swift */ = {isa = PBXFileReference; lastKnownFileType = sourcecode.swift; path = TeamRankingModel.swift; sourceTree = "<group>"; };
		F51C3C28288559600070D84B /* TeamRankingModelDelegate.swift */ = {isa = PBXFileReference; lastKnownFileType = sourcecode.swift; path = TeamRankingModelDelegate.swift; sourceTree = "<group>"; };
		F51C3C2A28855B790070D84B /* TeamsViewController.swift */ = {isa = PBXFileReference; lastKnownFileType = sourcecode.swift; path = TeamsViewController.swift; sourceTree = "<group>"; };
		F532329E2889CFBE004D7557 /* NextRacesViewController.swift */ = {isa = PBXFileReference; lastKnownFileType = sourcecode.swift; path = NextRacesViewController.swift; sourceTree = "<group>"; };
		F53232A02889CFFB004D7557 /* PreviousRacesViewController.swift */ = {isa = PBXFileReference; lastKnownFileType = sourcecode.swift; path = PreviousRacesViewController.swift; sourceTree = "<group>"; };
		F53232A22889D007004D7557 /* SeasonRacesViewController.swift */ = {isa = PBXFileReference; lastKnownFileType = sourcecode.swift; path = SeasonRacesViewController.swift; sourceTree = "<group>"; };
		F53232A42889DAC0004D7557 /* RaceItem.swift */ = {isa = PBXFileReference; lastKnownFileType = sourcecode.swift; path = RaceItem.swift; sourceTree = "<group>"; };
		F53232A82889DBDD004D7557 /* RaceItemCircuit.swift */ = {isa = PBXFileReference; lastKnownFileType = sourcecode.swift; path = RaceItemCircuit.swift; sourceTree = "<group>"; };
		F53232AA2889DC41004D7557 /* RaceItemLaps.swift */ = {isa = PBXFileReference; lastKnownFileType = sourcecode.swift; path = RaceItemLaps.swift; sourceTree = "<group>"; };
		F53232AC2889DC91004D7557 /* FastestLap.swift */ = {isa = PBXFileReference; lastKnownFileType = sourcecode.swift; path = FastestLap.swift; sourceTree = "<group>"; };
		F53232AE2889DCC8004D7557 /* FastestLapDriver.swift */ = {isa = PBXFileReference; lastKnownFileType = sourcecode.swift; path = FastestLapDriver.swift; sourceTree = "<group>"; };
		F55EBA9F2879930A00FD6F59 /* Formula All.app */ = {isa = PBXFileReference; explicitFileType = wrapper.application; includeInIndex = 0; path = "Formula All.app"; sourceTree = BUILT_PRODUCTS_DIR; };
		F55EBAA22879930A00FD6F59 /* AppDelegate.swift */ = {isa = PBXFileReference; lastKnownFileType = sourcecode.swift; path = AppDelegate.swift; sourceTree = "<group>"; };
		F55EBAA42879930A00FD6F59 /* SceneDelegate.swift */ = {isa = PBXFileReference; lastKnownFileType = sourcecode.swift; path = SceneDelegate.swift; sourceTree = "<group>"; };
		F55EBAA92879930A00FD6F59 /* Base */ = {isa = PBXFileReference; lastKnownFileType = file.storyboard; name = Base; path = Base.lproj/Main.storyboard; sourceTree = "<group>"; };
		F55EBAAB2879930C00FD6F59 /* Assets.xcassets */ = {isa = PBXFileReference; lastKnownFileType = folder.assetcatalog; path = Assets.xcassets; sourceTree = "<group>"; };
		F55EBAAE2879930C00FD6F59 /* Base */ = {isa = PBXFileReference; lastKnownFileType = file.storyboard; name = Base; path = Base.lproj/LaunchScreen.storyboard; sourceTree = "<group>"; };
		F55EBAB02879930C00FD6F59 /* Info.plist */ = {isa = PBXFileReference; lastKnownFileType = text.plist.xml; path = Info.plist; sourceTree = "<group>"; };
		F5703C85288C763100ACA78B /* RaceTableViewCell.swift */ = {isa = PBXFileReference; lastKnownFileType = sourcecode.swift; path = RaceTableViewCell.swift; sourceTree = "<group>"; };
		F5703C87288C79E800ACA78B /* DateConverter.swift */ = {isa = PBXFileReference; lastKnownFileType = sourcecode.swift; path = DateConverter.swift; sourceTree = "<group>"; };
		F5A0590D2882CE3D008428FA /* RoundedImageView.swift */ = {isa = PBXFileReference; lastKnownFileType = sourcecode.swift; path = RoundedImageView.swift; sourceTree = "<group>"; };
		F5A059112882E452008428FA /* Points.swift */ = {isa = PBXFileReference; lastKnownFileType = sourcecode.swift; path = Points.swift; sourceTree = "<group>"; };
		F5A0591C28848466008428FA /* RaceTabsViewController.swift */ = {isa = PBXFileReference; lastKnownFileType = sourcecode.swift; path = RaceTabsViewController.swift; sourceTree = "<group>"; };
		F5A0592528849108008428FA /* CircuitTableViewCell.swift */ = {isa = PBXFileReference; lastKnownFileType = sourcecode.swift; path = CircuitTableViewCell.swift; sourceTree = "<group>"; };
		F5A059272884913F008428FA /* CircuitsViewController.swift */ = {isa = PBXFileReference; lastKnownFileType = sourcecode.swift; path = CircuitsViewController.swift; sourceTree = "<group>"; };
		F5A05929288491A2008428FA /* CircuitsResponse.swift */ = {isa = PBXFileReference; lastKnownFileType = sourcecode.swift; path = CircuitsResponse.swift; sourceTree = "<group>"; };
		F5A0592B288491DD008428FA /* CircuitItem.swift */ = {isa = PBXFileReference; lastKnownFileType = sourcecode.swift; path = CircuitItem.swift; sourceTree = "<group>"; };
		F5D509722889E089008530D5 /* RaceItemsResponse.swift */ = {isa = PBXFileReference; lastKnownFileType = sourcecode.swift; path = RaceItemsResponse.swift; sourceTree = "<group>"; };
		F5D509742889E0DA008530D5 /* RaceItemsDelegate.swift */ = {isa = PBXFileReference; lastKnownFileType = sourcecode.swift; path = RaceItemsDelegate.swift; sourceTree = "<group>"; };
		F5D509762889E12E008530D5 /* RaceItemsModel.swift */ = {isa = PBXFileReference; lastKnownFileType = sourcecode.swift; path = RaceItemsModel.swift; sourceTree = "<group>"; };
/* End PBXFileReference section */

/* Begin PBXFrameworksBuildPhase section */
		F55EBA9C2879930A00FD6F59 /* Frameworks */ = {
			isa = PBXFrameworksBuildPhase;
			buildActionMask = 2147483647;
			files = (
				3A7991F6429E10437DB834E9 /* Pods_Formula_All.framework in Frameworks */,
			);
			runOnlyForDeploymentPostprocessing = 0;
		};
/* End PBXFrameworksBuildPhase section */

/* Begin PBXGroup section */
		04FDDFE9DE7170F6F1452C3B /* Frameworks */ = {
			isa = PBXGroup;
			children = (
				E8AD7135240BAD4F14012A88 /* Pods_Formula_All.framework */,
			);
			name = Frameworks;
			sourceTree = "<group>";
		};
		848CCC40782D035A31AAE264 /* Pods */ = {
			isa = PBXGroup;
			children = (
				121EC74BCC6300581B5508F7 /* Pods-Formula All.debug.xcconfig */,
				9E478DCD8B084233BEC8438B /* Pods-Formula All.release.xcconfig */,
			);
			path = Pods;
			sourceTree = "<group>";
		};
		F505D6832879D1DB00EFB31F /* Models */ = {
			isa = PBXGroup;
			children = (
				F505D6902879D92D00EFB31F /* DriverRankingResponse.swift */,
				F505D6922879D98A00EFB31F /* DriverRankingDriverInfo.swift */,
				F505D6942879D9E600EFB31F /* DriverRankingTeamInfo.swift */,
				F505D6962879DA3900EFB31F /* DriverRankingItem.swift */,
				F505D69A2879EA5400EFB31F /* DriverRankingModel.swift */,
				F5A059112882E452008428FA /* Points.swift */,
			);
			path = Models;
			sourceTree = "<group>";
		};
		F505D6842879D1E200EFB31F /* View Controllers */ = {
			isa = PBXGroup;
			children = (
				F505D69C2879EB6800EFB31F /* DriversViewController.swift */,
			);
			path = "View Controllers";
			sourceTree = "<group>";
		};
		F505D6852879D1EF00EFB31F /* Delegates */ = {
			isa = PBXGroup;
			children = (
				F505D6982879E9E700EFB31F /* DriverRankingModelDelegate.swift */,
			);
			path = Delegates;
			sourceTree = "<group>";
		};
		F505D6862879D1FB00EFB31F /* Network */ = {
			isa = PBXGroup;
			children = (
			);
			path = Network;
			sourceTree = "<group>";
		};
		F505D6872879D25800EFB31F /* Utils */ = {
			isa = PBXGroup;
			children = (
				F51C3C162884A51F0070D84B /* Constants.swift */,
				F505D6882879D28F00EFB31F /* Urls.swift */,
				F505D68C2879D2EE00EFB31F /* ImageCacheManager.swift */,
			);
			path = Utils;
			sourceTree = "<group>";
		};
		F505D69E2879F6E800EFB31F /* Views */ = {
			isa = PBXGroup;
			children = (
				F505D69F2879F70F00EFB31F /* DriverTableViewCell.swift */,
				F5A0590D2882CE3D008428FA /* RoundedImageView.swift */,
			);
			path = Views;
			sourceTree = "<group>";
		};
		F51C3C182884AC4A0070D84B /* Extensions */ = {
			isa = PBXGroup;
			children = (
				F505D68A2879D2C400EFB31F /* ImageLoader.swift */,
				F5703C87288C79E800ACA78B /* DateConverter.swift */,
			);
			path = Extensions;
			sourceTree = "<group>";
		};
		F51C3C19288555B70070D84B /* Delegates */ = {
			isa = PBXGroup;
			children = (
				F51C3C28288559600070D84B /* TeamRankingModelDelegate.swift */,
			);
			path = Delegates;
			sourceTree = "<group>";
		};
		F51C3C1B288555C80070D84B /* Models */ = {
			isa = PBXGroup;
			children = (
				F51C3C20288556A00070D84B /* TeamRankingItem.swift */,
				F51C3C22288556DB0070D84B /* TeamRankingItemDetails.swift */,
				F51C3C242885582D0070D84B /* TeamRankingResponse.swift */,
				F51C3C26288558B80070D84B /* TeamRankingModel.swift */,
			);
			path = Models;
			sourceTree = "<group>";
		};
		F51C3C1C288555D00070D84B /* View Controllers */ = {
			isa = PBXGroup;
			children = (
				F51C3C2A28855B790070D84B /* TeamsViewController.swift */,
			);
			path = "View Controllers";
			sourceTree = "<group>";
		};
		F51C3C1D288555D70070D84B /* Views */ = {
			isa = PBXGroup;
			children = (
				F51C3C1E288555FF0070D84B /* TeamsTableViewCell.swift */,
			);
			path = Views;
			sourceTree = "<group>";
		};
		F55EBA962879930A00FD6F59 = {
			isa = PBXGroup;
			children = (
				F55EBAA12879930A00FD6F59 /* Formula All */,
				F55EBAA02879930A00FD6F59 /* Products */,
				848CCC40782D035A31AAE264 /* Pods */,
				04FDDFE9DE7170F6F1452C3B /* Frameworks */,
			);
			sourceTree = "<group>";
		};
		F55EBAA02879930A00FD6F59 /* Products */ = {
			isa = PBXGroup;
			children = (
				F55EBA9F2879930A00FD6F59 /* Formula All.app */,
			);
			name = Products;
			sourceTree = "<group>";
		};
		F55EBAA12879930A00FD6F59 /* Formula All */ = {
			isa = PBXGroup;
			children = (
				F55EBAB72879931F00FD6F59 /* Core */,
				F55EBAB62879931400FD6F59 /* Features */,
				F55EBAB02879930C00FD6F59 /* Info.plist */,
				F55EBAB82879933000FD6F59 /* Resources */,
			);
			path = "Formula All";
			sourceTree = "<group>";
		};
		F55EBAB62879931400FD6F59 /* Features */ = {
			isa = PBXGroup;
			children = (
				F55EBABD2879950400FD6F59 /* Circuits */,
				F55EBAB9287994B800FD6F59 /* Drivers */,
				F55EBABB287994C400FD6F59 /* Races */,
				F55EBABA287994BF00FD6F59 /* Rankings */,
				F55EBABC287994E800FD6F59 /* Teams */,
			);
			path = Features;
			sourceTree = "<group>";
		};
		F55EBAB72879931F00FD6F59 /* Core */ = {
			isa = PBXGroup;
			children = (
				F51C3C182884AC4A0070D84B /* Extensions */,
				F505D6872879D25800EFB31F /* Utils */,
				F505D6862879D1FB00EFB31F /* Network */,
				F55EBAA22879930A00FD6F59 /* AppDelegate.swift */,
				F55EBAAD2879930C00FD6F59 /* LaunchScreen.storyboard */,
				F55EBAA82879930A00FD6F59 /* Main.storyboard */,
				F55EBAA42879930A00FD6F59 /* SceneDelegate.swift */,
			);
			path = Core;
			sourceTree = "<group>";
		};
		F55EBAB82879933000FD6F59 /* Resources */ = {
			isa = PBXGroup;
			children = (
				F55EBAAB2879930C00FD6F59 /* Assets.xcassets */,
			);
			path = Resources;
			sourceTree = "<group>";
		};
		F55EBAB9287994B800FD6F59 /* Drivers */ = {
			isa = PBXGroup;
			children = (
				F505D6852879D1EF00EFB31F /* Delegates */,
				F505D6832879D1DB00EFB31F /* Models */,
				F505D6842879D1E200EFB31F /* View Controllers */,
				F505D69E2879F6E800EFB31F /* Views */,
			);
			path = Drivers;
			sourceTree = "<group>";
		};
		F55EBABA287994BF00FD6F59 /* Rankings */ = {
			isa = PBXGroup;
			children = (
			);
			path = Rankings;
			sourceTree = "<group>";
		};
		F55EBABB287994C400FD6F59 /* Races */ = {
			isa = PBXGroup;
			children = (
				F5A0591328848307008428FA /* Constants */,
				F5A059142884830F008428FA /* Delegates */,
				F5A0591528848318008428FA /* Models */,
				F5A059162884831E008428FA /* View Controllers */,
				F5A059172884832C008428FA /* Views */,
			);
			path = Races;
			sourceTree = "<group>";
		};
		F55EBABC287994E800FD6F59 /* Teams */ = {
			isa = PBXGroup;
			children = (
				F51C3C19288555B70070D84B /* Delegates */,
				F51C3C1B288555C80070D84B /* Models */,
				F51C3C1C288555D00070D84B /* View Controllers */,
				F51C3C1D288555D70070D84B /* Views */,
			);
			path = Teams;
			sourceTree = "<group>";
		};
		F55EBABD2879950400FD6F59 /* Circuits */ = {
			isa = PBXGroup;
			children = (
				F5A05921288490CF008428FA /* Delegates */,
				F5A05922288490D7008428FA /* Models */,
				F5A05923288490DE008428FA /* View Controllers */,
				F5A05924288490E6008428FA /* Views */,
			);
			path = Circuits;
			sourceTree = "<group>";
		};
		F5A0591328848307008428FA /* Constants */ = {
			isa = PBXGroup;
			children = (
			);
			path = Constants;
			sourceTree = "<group>";
		};
		F5A059142884830F008428FA /* Delegates */ = {
			isa = PBXGroup;
			children = (
				F5D509742889E0DA008530D5 /* RaceItemsDelegate.swift */,
			);
			path = Delegates;
			sourceTree = "<group>";
		};
		F5A0591528848318008428FA /* Models */ = {
			isa = PBXGroup;
			children = (
				F53232A42889DAC0004D7557 /* RaceItem.swift */,
				F53232A82889DBDD004D7557 /* RaceItemCircuit.swift */,
				F53232AA2889DC41004D7557 /* RaceItemLaps.swift */,
				F53232AC2889DC91004D7557 /* FastestLap.swift */,
				F53232AE2889DCC8004D7557 /* FastestLapDriver.swift */,
				F5D509722889E089008530D5 /* RaceItemsResponse.swift */,
				F5D509762889E12E008530D5 /* RaceItemsModel.swift */,
			);
			path = Models;
			sourceTree = "<group>";
		};
		F5A059162884831E008428FA /* View Controllers */ = {
			isa = PBXGroup;
			children = (
				F5A0591C28848466008428FA /* RaceTabsViewController.swift */,
				F532329E2889CFBE004D7557 /* NextRacesViewController.swift */,
				F53232A02889CFFB004D7557 /* PreviousRacesViewController.swift */,
				F53232A22889D007004D7557 /* SeasonRacesViewController.swift */,
			);
			path = "View Controllers";
			sourceTree = "<group>";
		};
		F5A059172884832C008428FA /* Views */ = {
			isa = PBXGroup;
			children = (
				F5703C85288C763100ACA78B /* RaceTableViewCell.swift */,
			);
			path = Views;
			sourceTree = "<group>";
		};
		F5A05921288490CF008428FA /* Delegates */ = {
			isa = PBXGroup;
			children = (
				F51C3C1228849EBD0070D84B /* CircuitsModelDelegate.swift */,
			);
			path = Delegates;
			sourceTree = "<group>";
		};
		F5A05922288490D7008428FA /* Models */ = {
			isa = PBXGroup;
			children = (
				F5A05929288491A2008428FA /* CircuitsResponse.swift */,
				F5A0592B288491DD008428FA /* CircuitItem.swift */,
				F51C3C0C28849A080070D84B /* CircuitCompetition.swift */,
				F51C3C0E28849A3D0070D84B /* CircuitLocation.swift */,
				F51C3C1028849BAF0070D84B /* CircuitLapRecord.swift */,
				F51C3C1428849F120070D84B /* CircuitsModel.swift */,
			);
			path = Models;
			sourceTree = "<group>";
		};
		F5A05923288490DE008428FA /* View Controllers */ = {
			isa = PBXGroup;
			children = (
				F5A059272884913F008428FA /* CircuitsViewController.swift */,
			);
			path = "View Controllers";
			sourceTree = "<group>";
		};
		F5A05924288490E6008428FA /* Views */ = {
			isa = PBXGroup;
			children = (
				F5A0592528849108008428FA /* CircuitTableViewCell.swift */,
			);
			path = Views;
			sourceTree = "<group>";
		};
/* End PBXGroup section */

/* Begin PBXNativeTarget section */
		F55EBA9E2879930A00FD6F59 /* Formula All */ = {
			isa = PBXNativeTarget;
			buildConfigurationList = F55EBAB32879930C00FD6F59 /* Build configuration list for PBXNativeTarget "Formula All" */;
			buildPhases = (
				5410CA9E1BBE8AB4306ADD5E /* [CP] Check Pods Manifest.lock */,
				F55EBA9B2879930A00FD6F59 /* Sources */,
				F55EBA9C2879930A00FD6F59 /* Frameworks */,
				F55EBA9D2879930A00FD6F59 /* Resources */,
				296A53A2B0C9726D61FB7376 /* [CP] Embed Pods Frameworks */,
			);
			buildRules = (
			);
			dependencies = (
			);
			name = "Formula All";
			productName = "Formula All";
			productReference = F55EBA9F2879930A00FD6F59 /* Formula All.app */;
			productType = "com.apple.product-type.application";
		};
/* End PBXNativeTarget section */

/* Begin PBXProject section */
		F55EBA972879930A00FD6F59 /* Project object */ = {
			isa = PBXProject;
			attributes = {
				BuildIndependentTargetsInParallel = 1;
				LastSwiftUpdateCheck = 1340;
				LastUpgradeCheck = 1340;
				TargetAttributes = {
					F55EBA9E2879930A00FD6F59 = {
						CreatedOnToolsVersion = 13.4.1;
					};
				};
			};
			buildConfigurationList = F55EBA9A2879930A00FD6F59 /* Build configuration list for PBXProject "Formula All" */;
			compatibilityVersion = "Xcode 13.0";
			developmentRegion = en;
			hasScannedForEncodings = 0;
			knownRegions = (
				en,
				Base,
			);
			mainGroup = F55EBA962879930A00FD6F59;
			productRefGroup = F55EBAA02879930A00FD6F59 /* Products */;
			projectDirPath = "";
			projectRoot = "";
			targets = (
				F55EBA9E2879930A00FD6F59 /* Formula All */,
			);
		};
/* End PBXProject section */

/* Begin PBXResourcesBuildPhase section */
		F55EBA9D2879930A00FD6F59 /* Resources */ = {
			isa = PBXResourcesBuildPhase;
			buildActionMask = 2147483647;
			files = (
				F55EBAAF2879930C00FD6F59 /* LaunchScreen.storyboard in Resources */,
				F55EBAAC2879930C00FD6F59 /* Assets.xcassets in Resources */,
				F55EBAAA2879930A00FD6F59 /* Main.storyboard in Resources */,
			);
			runOnlyForDeploymentPostprocessing = 0;
		};
/* End PBXResourcesBuildPhase section */

/* Begin PBXShellScriptBuildPhase section */
		296A53A2B0C9726D61FB7376 /* [CP] Embed Pods Frameworks */ = {
			isa = PBXShellScriptBuildPhase;
			buildActionMask = 2147483647;
			files = (
			);
			inputFileListPaths = (
				"${PODS_ROOT}/Target Support Files/Pods-Formula All/Pods-Formula All-frameworks-${CONFIGURATION}-input-files.xcfilelist",
			);
			name = "[CP] Embed Pods Frameworks";
			outputFileListPaths = (
				"${PODS_ROOT}/Target Support Files/Pods-Formula All/Pods-Formula All-frameworks-${CONFIGURATION}-output-files.xcfilelist",
			);
			runOnlyForDeploymentPostprocessing = 0;
			shellPath = /bin/sh;
			shellScript = "\"${PODS_ROOT}/Target Support Files/Pods-Formula All/Pods-Formula All-frameworks.sh\"\n";
			showEnvVarsInLog = 0;
		};
		5410CA9E1BBE8AB4306ADD5E /* [CP] Check Pods Manifest.lock */ = {
			isa = PBXShellScriptBuildPhase;
			buildActionMask = 2147483647;
			files = (
			);
			inputFileListPaths = (
			);
			inputPaths = (
				"${PODS_PODFILE_DIR_PATH}/Podfile.lock",
				"${PODS_ROOT}/Manifest.lock",
			);
			name = "[CP] Check Pods Manifest.lock";
			outputFileListPaths = (
			);
			outputPaths = (
				"$(DERIVED_FILE_DIR)/Pods-Formula All-checkManifestLockResult.txt",
			);
			runOnlyForDeploymentPostprocessing = 0;
			shellPath = /bin/sh;
			shellScript = "diff \"${PODS_PODFILE_DIR_PATH}/Podfile.lock\" \"${PODS_ROOT}/Manifest.lock\" > /dev/null\nif [ $? != 0 ] ; then\n    # print error to STDERR\n    echo \"error: The sandbox is not in sync with the Podfile.lock. Run 'pod install' or update your CocoaPods installation.\" >&2\n    exit 1\nfi\n# This output is used by Xcode 'outputs' to avoid re-running this script phase.\necho \"SUCCESS\" > \"${SCRIPT_OUTPUT_FILE_0}\"\n";
			showEnvVarsInLog = 0;
		};
/* End PBXShellScriptBuildPhase section */

/* Begin PBXSourcesBuildPhase section */
		F55EBA9B2879930A00FD6F59 /* Sources */ = {
			isa = PBXSourcesBuildPhase;
			buildActionMask = 2147483647;
			files = (
				F505D6892879D28F00EFB31F /* Urls.swift in Sources */,
				F5A0592628849108008428FA /* CircuitTableViewCell.swift in Sources */,
				F55EBAA32879930A00FD6F59 /* AppDelegate.swift in Sources */,
				F505D6992879E9E700EFB31F /* DriverRankingModelDelegate.swift in Sources */,
				F53232A12889CFFB004D7557 /* PreviousRacesViewController.swift in Sources */,
				F51C3C0D28849A080070D84B /* CircuitCompetition.swift in Sources */,
				F53232AB2889DC41004D7557 /* RaceItemLaps.swift in Sources */,
				F51C3C172884A51F0070D84B /* Constants.swift in Sources */,
				F505D69B2879EA5400EFB31F /* DriverRankingModel.swift in Sources */,
				F51C3C1F288555FF0070D84B /* TeamsTableViewCell.swift in Sources */,
				F5A059282884913F008428FA /* CircuitsViewController.swift in Sources */,
				F5A059122882E452008428FA /* Points.swift in Sources */,
				F5703C86288C763100ACA78B /* RaceTableViewCell.swift in Sources */,
				F505D6972879DA3900EFB31F /* DriverRankingItem.swift in Sources */,
				F532329F2889CFBE004D7557 /* NextRacesViewController.swift in Sources */,
				F505D6932879D98A00EFB31F /* DriverRankingDriverInfo.swift in Sources */,
				F505D68D2879D2EE00EFB31F /* ImageCacheManager.swift in Sources */,
				F5D509772889E12E008530D5 /* RaceItemsModel.swift in Sources */,
				F53232A32889D007004D7557 /* SeasonRacesViewController.swift in Sources */,
				F51C3C252885582D0070D84B /* TeamRankingResponse.swift in Sources */,
				F51C3C1328849EBD0070D84B /* CircuitsModelDelegate.swift in Sources */,
				F51C3C21288556A10070D84B /* TeamRankingItem.swift in Sources */,
				F5A0592A288491A2008428FA /* CircuitsResponse.swift in Sources */,
				F53232A92889DBDD004D7557 /* RaceItemCircuit.swift in Sources */,
				F505D68B2879D2C400EFB31F /* ImageLoader.swift in Sources */,
				F51C3C0F28849A3D0070D84B /* CircuitLocation.swift in Sources */,
				F505D69D2879EB6800EFB31F /* DriversViewController.swift in Sources */,
				F53232A52889DAC0004D7557 /* RaceItem.swift in Sources */,
				F5A0591D28848466008428FA /* RaceTabsViewController.swift in Sources */,
				F5D509752889E0DA008530D5 /* RaceItemsDelegate.swift in Sources */,
				F55EBAA52879930A00FD6F59 /* SceneDelegate.swift in Sources */,
				F51C3C2B28855B790070D84B /* TeamsViewController.swift in Sources */,
				F51C3C29288559600070D84B /* TeamRankingModelDelegate.swift in Sources */,
				F5A0590E2882CE3D008428FA /* RoundedImageView.swift in Sources */,
				F53232AF2889DCC8004D7557 /* FastestLapDriver.swift in Sources */,
				F5D509732889E089008530D5 /* RaceItemsResponse.swift in Sources */,
				F5703C88288C79E800ACA78B /* DateConverter.swift in Sources */,
				F505D6912879D92D00EFB31F /* DriverRankingResponse.swift in Sources */,
				F505D6952879D9E600EFB31F /* DriverRankingTeamInfo.swift in Sources */,
				F5A0592C288491DD008428FA /* CircuitItem.swift in Sources */,
				F51C3C1528849F120070D84B /* CircuitsModel.swift in Sources */,
				F51C3C23288556DB0070D84B /* TeamRankingItemDetails.swift in Sources */,
				F53232AD2889DC91004D7557 /* FastestLap.swift in Sources */,
				F505D6A02879F70F00EFB31F /* DriverTableViewCell.swift in Sources */,
				F51C3C1128849BAF0070D84B /* CircuitLapRecord.swift in Sources */,
				F51C3C27288558B80070D84B /* TeamRankingModel.swift in Sources */,
			);
			runOnlyForDeploymentPostprocessing = 0;
		};
/* End PBXSourcesBuildPhase section */

/* Begin PBXVariantGroup section */
		F55EBAA82879930A00FD6F59 /* Main.storyboard */ = {
			isa = PBXVariantGroup;
			children = (
				F55EBAA92879930A00FD6F59 /* Base */,
			);
			name = Main.storyboard;
			sourceTree = "<group>";
		};
		F55EBAAD2879930C00FD6F59 /* LaunchScreen.storyboard */ = {
			isa = PBXVariantGroup;
			children = (
				F55EBAAE2879930C00FD6F59 /* Base */,
			);
			name = LaunchScreen.storyboard;
			sourceTree = "<group>";
		};
/* End PBXVariantGroup section */

/* Begin XCBuildConfiguration section */
		F55EBAB12879930C00FD6F59 /* Debug */ = {
			isa = XCBuildConfiguration;
			buildSettings = {
				ALWAYS_SEARCH_USER_PATHS = NO;
				CLANG_ANALYZER_NONNULL = YES;
				CLANG_ANALYZER_NUMBER_OBJECT_CONVERSION = YES_AGGRESSIVE;
				CLANG_CXX_LANGUAGE_STANDARD = "gnu++17";
				CLANG_ENABLE_MODULES = YES;
				CLANG_ENABLE_OBJC_ARC = YES;
				CLANG_ENABLE_OBJC_WEAK = YES;
				CLANG_WARN_BLOCK_CAPTURE_AUTORELEASING = YES;
				CLANG_WARN_BOOL_CONVERSION = YES;
				CLANG_WARN_COMMA = YES;
				CLANG_WARN_CONSTANT_CONVERSION = YES;
				CLANG_WARN_DEPRECATED_OBJC_IMPLEMENTATIONS = YES;
				CLANG_WARN_DIRECT_OBJC_ISA_USAGE = YES_ERROR;
				CLANG_WARN_DOCUMENTATION_COMMENTS = YES;
				CLANG_WARN_EMPTY_BODY = YES;
				CLANG_WARN_ENUM_CONVERSION = YES;
				CLANG_WARN_INFINITE_RECURSION = YES;
				CLANG_WARN_INT_CONVERSION = YES;
				CLANG_WARN_NON_LITERAL_NULL_CONVERSION = YES;
				CLANG_WARN_OBJC_IMPLICIT_RETAIN_SELF = YES;
				CLANG_WARN_OBJC_LITERAL_CONVERSION = YES;
				CLANG_WARN_OBJC_ROOT_CLASS = YES_ERROR;
				CLANG_WARN_QUOTED_INCLUDE_IN_FRAMEWORK_HEADER = YES;
				CLANG_WARN_RANGE_LOOP_ANALYSIS = YES;
				CLANG_WARN_STRICT_PROTOTYPES = YES;
				CLANG_WARN_SUSPICIOUS_MOVE = YES;
				CLANG_WARN_UNGUARDED_AVAILABILITY = YES_AGGRESSIVE;
				CLANG_WARN_UNREACHABLE_CODE = YES;
				CLANG_WARN__DUPLICATE_METHOD_MATCH = YES;
				COPY_PHASE_STRIP = NO;
				DEBUG_INFORMATION_FORMAT = dwarf;
				ENABLE_STRICT_OBJC_MSGSEND = YES;
				ENABLE_TESTABILITY = YES;
				GCC_C_LANGUAGE_STANDARD = gnu11;
				GCC_DYNAMIC_NO_PIC = NO;
				GCC_NO_COMMON_BLOCKS = YES;
				GCC_OPTIMIZATION_LEVEL = 0;
				GCC_PREPROCESSOR_DEFINITIONS = (
					"DEBUG=1",
					"$(inherited)",
				);
				GCC_WARN_64_TO_32_BIT_CONVERSION = YES;
				GCC_WARN_ABOUT_RETURN_TYPE = YES_ERROR;
				GCC_WARN_UNDECLARED_SELECTOR = YES;
				GCC_WARN_UNINITIALIZED_AUTOS = YES_AGGRESSIVE;
				GCC_WARN_UNUSED_FUNCTION = YES;
				GCC_WARN_UNUSED_VARIABLE = YES;
				IPHONEOS_DEPLOYMENT_TARGET = 15.5;
				MTL_ENABLE_DEBUG_INFO = INCLUDE_SOURCE;
				MTL_FAST_MATH = YES;
				ONLY_ACTIVE_ARCH = YES;
				SDKROOT = iphoneos;
				SWIFT_ACTIVE_COMPILATION_CONDITIONS = DEBUG;
				SWIFT_OPTIMIZATION_LEVEL = "-Onone";
			};
			name = Debug;
		};
		F55EBAB22879930C00FD6F59 /* Release */ = {
			isa = XCBuildConfiguration;
			buildSettings = {
				ALWAYS_SEARCH_USER_PATHS = NO;
				CLANG_ANALYZER_NONNULL = YES;
				CLANG_ANALYZER_NUMBER_OBJECT_CONVERSION = YES_AGGRESSIVE;
				CLANG_CXX_LANGUAGE_STANDARD = "gnu++17";
				CLANG_ENABLE_MODULES = YES;
				CLANG_ENABLE_OBJC_ARC = YES;
				CLANG_ENABLE_OBJC_WEAK = YES;
				CLANG_WARN_BLOCK_CAPTURE_AUTORELEASING = YES;
				CLANG_WARN_BOOL_CONVERSION = YES;
				CLANG_WARN_COMMA = YES;
				CLANG_WARN_CONSTANT_CONVERSION = YES;
				CLANG_WARN_DEPRECATED_OBJC_IMPLEMENTATIONS = YES;
				CLANG_WARN_DIRECT_OBJC_ISA_USAGE = YES_ERROR;
				CLANG_WARN_DOCUMENTATION_COMMENTS = YES;
				CLANG_WARN_EMPTY_BODY = YES;
				CLANG_WARN_ENUM_CONVERSION = YES;
				CLANG_WARN_INFINITE_RECURSION = YES;
				CLANG_WARN_INT_CONVERSION = YES;
				CLANG_WARN_NON_LITERAL_NULL_CONVERSION = YES;
				CLANG_WARN_OBJC_IMPLICIT_RETAIN_SELF = YES;
				CLANG_WARN_OBJC_LITERAL_CONVERSION = YES;
				CLANG_WARN_OBJC_ROOT_CLASS = YES_ERROR;
				CLANG_WARN_QUOTED_INCLUDE_IN_FRAMEWORK_HEADER = YES;
				CLANG_WARN_RANGE_LOOP_ANALYSIS = YES;
				CLANG_WARN_STRICT_PROTOTYPES = YES;
				CLANG_WARN_SUSPICIOUS_MOVE = YES;
				CLANG_WARN_UNGUARDED_AVAILABILITY = YES_AGGRESSIVE;
				CLANG_WARN_UNREACHABLE_CODE = YES;
				CLANG_WARN__DUPLICATE_METHOD_MATCH = YES;
				COPY_PHASE_STRIP = NO;
				DEBUG_INFORMATION_FORMAT = "dwarf-with-dsym";
				ENABLE_NS_ASSERTIONS = NO;
				ENABLE_STRICT_OBJC_MSGSEND = YES;
				GCC_C_LANGUAGE_STANDARD = gnu11;
				GCC_NO_COMMON_BLOCKS = YES;
				GCC_WARN_64_TO_32_BIT_CONVERSION = YES;
				GCC_WARN_ABOUT_RETURN_TYPE = YES_ERROR;
				GCC_WARN_UNDECLARED_SELECTOR = YES;
				GCC_WARN_UNINITIALIZED_AUTOS = YES_AGGRESSIVE;
				GCC_WARN_UNUSED_FUNCTION = YES;
				GCC_WARN_UNUSED_VARIABLE = YES;
				IPHONEOS_DEPLOYMENT_TARGET = 15.5;
				MTL_ENABLE_DEBUG_INFO = NO;
				MTL_FAST_MATH = YES;
				SDKROOT = iphoneos;
				SWIFT_COMPILATION_MODE = wholemodule;
				SWIFT_OPTIMIZATION_LEVEL = "-O";
				VALIDATE_PRODUCT = YES;
			};
			name = Release;
		};
		F55EBAB42879930C00FD6F59 /* Debug */ = {
			isa = XCBuildConfiguration;
			baseConfigurationReference = 121EC74BCC6300581B5508F7 /* Pods-Formula All.debug.xcconfig */;
			buildSettings = {
				ASSETCATALOG_COMPILER_APPICON_NAME = AppIcon;
				ASSETCATALOG_COMPILER_GLOBAL_ACCENT_COLOR_NAME = AccentColor;
				CODE_SIGN_STYLE = Automatic;
				CURRENT_PROJECT_VERSION = 1;
				DEVELOPMENT_TEAM = 9K62WKNJMY;
				GENERATE_INFOPLIST_FILE = YES;
				INFOPLIST_FILE = "Formula All/Info.plist";
				INFOPLIST_KEY_UIApplicationSupportsIndirectInputEvents = YES;
				INFOPLIST_KEY_UILaunchStoryboardName = LaunchScreen;
				INFOPLIST_KEY_UIMainStoryboardFile = Main;
				INFOPLIST_KEY_UISupportedInterfaceOrientations_iPad = "UIInterfaceOrientationPortrait UIInterfaceOrientationPortraitUpsideDown UIInterfaceOrientationLandscapeLeft UIInterfaceOrientationLandscapeRight";
				INFOPLIST_KEY_UISupportedInterfaceOrientations_iPhone = "UIInterfaceOrientationPortrait UIInterfaceOrientationLandscapeLeft UIInterfaceOrientationLandscapeRight";
				LD_RUNPATH_SEARCH_PATHS = (
					"$(inherited)",
					"@executable_path/Frameworks",
				);
				MARKETING_VERSION = 1.0;
				PRODUCT_BUNDLE_IDENTIFIER = "com.murerwa.Formula-All";
				PRODUCT_NAME = "$(TARGET_NAME)";
				SWIFT_EMIT_LOC_STRINGS = YES;
				SWIFT_VERSION = 5.0;
				TARGETED_DEVICE_FAMILY = "1,2";
			};
			name = Debug;
		};
		F55EBAB52879930C00FD6F59 /* Release */ = {
			isa = XCBuildConfiguration;
			baseConfigurationReference = 9E478DCD8B084233BEC8438B /* Pods-Formula All.release.xcconfig */;
			buildSettings = {
				ASSETCATALOG_COMPILER_APPICON_NAME = AppIcon;
				ASSETCATALOG_COMPILER_GLOBAL_ACCENT_COLOR_NAME = AccentColor;
				CODE_SIGN_STYLE = Automatic;
				CURRENT_PROJECT_VERSION = 1;
				DEVELOPMENT_TEAM = 9K62WKNJMY;
				GENERATE_INFOPLIST_FILE = YES;
				INFOPLIST_FILE = "Formula All/Info.plist";
				INFOPLIST_KEY_UIApplicationSupportsIndirectInputEvents = YES;
				INFOPLIST_KEY_UILaunchStoryboardName = LaunchScreen;
				INFOPLIST_KEY_UIMainStoryboardFile = Main;
				INFOPLIST_KEY_UISupportedInterfaceOrientations_iPad = "UIInterfaceOrientationPortrait UIInterfaceOrientationPortraitUpsideDown UIInterfaceOrientationLandscapeLeft UIInterfaceOrientationLandscapeRight";
				INFOPLIST_KEY_UISupportedInterfaceOrientations_iPhone = "UIInterfaceOrientationPortrait UIInterfaceOrientationLandscapeLeft UIInterfaceOrientationLandscapeRight";
				LD_RUNPATH_SEARCH_PATHS = (
					"$(inherited)",
					"@executable_path/Frameworks",
				);
				MARKETING_VERSION = 1.0;
				PRODUCT_BUNDLE_IDENTIFIER = "com.murerwa.Formula-All";
				PRODUCT_NAME = "$(TARGET_NAME)";
				SWIFT_EMIT_LOC_STRINGS = YES;
				SWIFT_VERSION = 5.0;
				TARGETED_DEVICE_FAMILY = "1,2";
			};
			name = Release;
		};
/* End XCBuildConfiguration section */

/* Begin XCConfigurationList section */
		F55EBA9A2879930A00FD6F59 /* Build configuration list for PBXProject "Formula All" */ = {
			isa = XCConfigurationList;
			buildConfigurations = (
				F55EBAB12879930C00FD6F59 /* Debug */,
				F55EBAB22879930C00FD6F59 /* Release */,
			);
			defaultConfigurationIsVisible = 0;
			defaultConfigurationName = Release;
		};
		F55EBAB32879930C00FD6F59 /* Build configuration list for PBXNativeTarget "Formula All" */ = {
			isa = XCConfigurationList;
			buildConfigurations = (
				F55EBAB42879930C00FD6F59 /* Debug */,
				F55EBAB52879930C00FD6F59 /* Release */,
			);
			defaultConfigurationIsVisible = 0;
			defaultConfigurationName = Release;
		};
/* End XCConfigurationList section */
	};
	rootObject = F55EBA972879930A00FD6F59 /* Project object */;
}
